// !$*UTF8*$!
{
	archiveVersion = 1;
	classes = {
	};
	objectVersion = 48;
	objects = {

/* Begin PBXBuildFile section */
		1505E8292010235B00A91855 /* Splash.png in Resources */ = {isa = PBXBuildFile; fileRef = 1505E8282010235B00A91855 /* Splash.png */; };
		15476546200D8CA9002C66BC /* ModeloQuiz.swift in Sources */ = {isa = PBXBuildFile; fileRef = 15476545200D8CA9002C66BC /* ModeloQuiz.swift */; };
		F426D03A2008460900604A8A /* AppDelegate.swift in Sources */ = {isa = PBXBuildFile; fileRef = F426D0392008460900604A8A /* AppDelegate.swift */; };
		F426D03C2008460900604A8A /* ViewController.swift in Sources */ = {isa = PBXBuildFile; fileRef = F426D03B2008460900604A8A /* ViewController.swift */; };
		F426D03F2008460900604A8A /* Main.storyboard in Resources */ = {isa = PBXBuildFile; fileRef = F426D03D2008460900604A8A /* Main.storyboard */; };
		F426D0412008460B00604A8A /* Assets.xcassets in Resources */ = {isa = PBXBuildFile; fileRef = F426D0402008460B00604A8A /* Assets.xcassets */; };
		F426D0442008460B00604A8A /* LaunchScreen.storyboard in Resources */ = {isa = PBXBuildFile; fileRef = F426D0422008460B00604A8A /* LaunchScreen.storyboard */; };
/* End PBXBuildFile section */

/* Begin PBXFileReference section */
		1505E8282010235B00A91855 /* Splash.png */ = {isa = PBXFileReference; lastKnownFileType = image.png; path = Splash.png; sourceTree = "<group>"; };
		15476545200D8CA9002C66BC /* ModeloQuiz.swift */ = {isa = PBXFileReference; lastKnownFileType = sourcecode.swift; path = ModeloQuiz.swift; sourceTree = "<group>"; };
		F426D0362008460900604A8A /* Preguntitas.app */ = {isa = PBXFileReference; explicitFileType = wrapper.application; includeInIndex = 0; path = Preguntitas.app; sourceTree = BUILT_PRODUCTS_DIR; };
		F426D0392008460900604A8A /* AppDelegate.swift */ = {isa = PBXFileReference; lastKnownFileType = sourcecode.swift; path = AppDelegate.swift; sourceTree = "<group>"; };
		F426D03B2008460900604A8A /* ViewController.swift */ = {isa = PBXFileReference; lastKnownFileType = sourcecode.swift; path = ViewController.swift; sourceTree = "<group>"; };
		F426D03E2008460900604A8A /* Base */ = {isa = PBXFileReference; lastKnownFileType = file.storyboard; name = Base; path = Base.lproj/Main.storyboard; sourceTree = "<group>"; };
		F426D0402008460B00604A8A /* Assets.xcassets */ = {isa = PBXFileReference; lastKnownFileType = folder.assetcatalog; path = Assets.xcassets; sourceTree = "<group>"; };
		F426D0432008460B00604A8A /* Base */ = {isa = PBXFileReference; lastKnownFileType = file.storyboard; name = Base; path = Base.lproj/LaunchScreen.storyboard; sourceTree = "<group>"; };
		F426D0452008460B00604A8A /* Info.plist */ = {isa = PBXFileReference; lastKnownFileType = text.plist.xml; path = Info.plist; sourceTree = "<group>"; };
/* End PBXFileReference section */

/* Begin PBXFrameworksBuildPhase section */
		F426D0332008460900604A8A /* Frameworks */ = {
			isa = PBXFrameworksBuildPhase;
			buildActionMask = 2147483647;
			files = (
			);
			runOnlyForDeploymentPostprocessing = 0;
		};
/* End PBXFrameworksBuildPhase section */

/* Begin PBXGroup section */
		F426D02D2008460800604A8A = {
			isa = PBXGroup;
			children = (
				F426D0382008460900604A8A /* Preguntitas */,
				F426D0372008460900604A8A /* Products */,
			);
			sourceTree = "<group>";
		};
		F426D0372008460900604A8A /* Products */ = {
			isa = PBXGroup;
			children = (
				F426D0362008460900604A8A /* Preguntitas.app */,
			);
			name = Products;
			sourceTree = "<group>";
		};
		F426D0382008460900604A8A /* Preguntitas */ = {
			isa = PBXGroup;
			children = (
				F426D0392008460900604A8A /* AppDelegate.swift */,
				F426D03B2008460900604A8A /* ViewController.swift */,
				15476545200D8CA9002C66BC /* ModeloQuiz.swift */,
				F426D03D2008460900604A8A /* Main.storyboard */,
				F426D0402008460B00604A8A /* Assets.xcassets */,
				F426D0422008460B00604A8A /* LaunchScreen.storyboard */,
				1505E8282010235B00A91855 /* Splash.png */,
				F426D0452008460B00604A8A /* Info.plist */,
			);
			path = Preguntitas;
			sourceTree = "<group>";
		};
/* End PBXGroup section */

/* Begin PBXNativeTarget section */
		F426D0352008460900604A8A /* Preguntitas */ = {
			isa = PBXNativeTarget;
			buildConfigurationList = F426D0482008460B00604A8A /* Build configuration list for PBXNativeTarget "Preguntitas" */;
			buildPhases = (
				F426D0322008460900604A8A /* Sources */,
				F426D0332008460900604A8A /* Frameworks */,
				F426D0342008460900604A8A /* Resources */,
			);
			buildRules = (
			);
			dependencies = (
			);
			name = Preguntitas;
			productName = Preguntitas;
			productReference = F426D0362008460900604A8A /* Preguntitas.app */;
			productType = "com.apple.product-type.application";
		};
/* End PBXNativeTarget section */

/* Begin PBXProject section */
		F426D02E2008460800604A8A /* Project object */ = {
			isa = PBXProject;
			attributes = {
				LastSwiftUpdateCheck = 0920;
				LastUpgradeCheck = 1120;
				ORGANIZATIONNAME = Pichobaby;
				TargetAttributes = {
					F426D0352008460900604A8A = {
						CreatedOnToolsVersion = 9.2;
						LastSwiftMigration = 1120;
						ProvisioningStyle = Automatic;
					};
				};
			};
			buildConfigurationList = F426D0312008460800604A8A /* Build configuration list for PBXProject "Preguntitas" */;
			compatibilityVersion = "Xcode 8.0";
			developmentRegion = en;
			hasScannedForEncodings = 0;
			knownRegions = (
				en,
				Base,
			);
			mainGroup = F426D02D2008460800604A8A;
			productRefGroup = F426D0372008460900604A8A /* Products */;
			projectDirPath = "";
			projectRoot = "";
			targets = (
				F426D0352008460900604A8A /* Preguntitas */,
			);
		};
/* End PBXProject section */

/* Begin PBXResourcesBuildPhase section */
		F426D0342008460900604A8A /* Resources */ = {
			isa = PBXResourcesBuildPhase;
			buildActionMask = 2147483647;
			files = (
				1505E8292010235B00A91855 /* Splash.png in Resources */,
				F426D0442008460B00604A8A /* LaunchScreen.storyboard in Resources */,
				F426D0412008460B00604A8A /* Assets.xcassets in Resources */,
				F426D03F2008460900604A8A /* Main.storyboard in Resources */,
			);
			runOnlyForDeploymentPostprocessing = 0;
		};
/* End PBXResourcesBuildPhase section */

/* Begin PBXSourcesBuildPhase section */
		F426D0322008460900604A8A /* Sources */ = {
			isa = PBXSourcesBuildPhase;
			buildActionMask = 2147483647;
			files = (
				F426D03C2008460900604A8A /* ViewController.swift in Sources */,
				F426D03A2008460900604A8A /* AppDelegate.swift in Sources */,
				15476546200D8CA9002C66BC /* ModeloQuiz.swift in Sources */,
			);
			runOnlyForDeploymentPostprocessing = 0;
		};
/* End PBXSourcesBuildPhase section */

/* Begin PBXVariantGroup section */
		F426D03D2008460900604A8A /* Main.storyboard */ = {
			isa = PBXVariantGroup;
			children = (
				F426D03E2008460900604A8A /* Base */,
			);
			name = Main.storyboard;
			sourceTree = "<group>";
		};
		F426D0422008460B00604A8A /* LaunchScreen.storyboard */ = {
			isa = PBXVariantGroup;
			children = (
				F426D0432008460B00604A8A /* Base */,
			);
			name = LaunchScreen.storyboard;
			sourceTree = "<group>";
		};
/* End PBXVariantGroup section */

/* Begin XCBuildConfiguration section */
		F426D0462008460B00604A8A /* Debug */ = {
			isa = XCBuildConfiguration;
			buildSettings = {
				ALWAYS_SEARCH_USER_PATHS = NO;
				CLANG_ANALYZER_NONNULL = YES;
				CLANG_ANALYZER_NUMBER_OBJECT_CONVERSION = YES_AGGRESSIVE;
				CLANG_CXX_LANGUAGE_STANDARD = "gnu++14";
				CLANG_CXX_LIBRARY = "libc++";
				CLANG_ENABLE_MODULES = YES;
				CLANG_ENABLE_OBJC_ARC = YES;
				CLANG_WARN_BLOCK_CAPTURE_AUTORELEASING = YES;
				CLANG_WARN_BOOL_CONVERSION = YES;
				CLANG_WARN_COMMA = YES;
				CLANG_WARN_CONSTANT_CONVERSION = YES;
				CLANG_WARN_DEPRECATED_OBJC_IMPLEMENTATIONS = YES;
				CLANG_WARN_DIRECT_OBJC_ISA_USAGE = YES_ERROR;
				CLANG_WARN_DOCUMENTATION_COMMENTS = YES;
				CLANG_WARN_EMPTY_BODY = YES;
				CLANG_WARN_ENUM_CONVERSION = YES;
				CLANG_WARN_INFINITE_RECURSION = YES;
				CLANG_WARN_INT_CONVERSION = YES;
				CLANG_WARN_NON_LITERAL_NULL_CONVERSION = YES;
				CLANG_WARN_OBJC_IMPLICIT_RETAIN_SELF = YES;
				CLANG_WARN_OBJC_LITERAL_CONVERSION = YES;
				CLANG_WARN_OBJC_ROOT_CLASS = YES_ERROR;
				CLANG_WARN_RANGE_LOOP_ANALYSIS = YES;
				CLANG_WARN_STRICT_PROTOTYPES = YES;
				CLANG_WARN_SUSPICIOUS_MOVE = YES;
				CLANG_WARN_UNGUARDED_AVAILABILITY = YES_AGGRESSIVE;
				CLANG_WARN_UNREACHABLE_CODE = YES;
				CLANG_WARN__DUPLICATE_METHOD_MATCH = YES;
				CODE_SIGN_IDENTITY = "iPhone Developer";
				COPY_PHASE_STRIP = NO;
				DEBUG_INFORMATION_FORMAT = dwarf;
				ENABLE_STRICT_OBJC_MSGSEND = YES;
				ENABLE_TESTABILITY = YES;
				GCC_C_LANGUAGE_STANDARD = gnu11;
				GCC_DYNAMIC_NO_PIC = NO;
				GCC_NO_COMMON_BLOCKS = YES;
				GCC_OPTIMIZATION_LEVEL = 0;
				GCC_PREPROCESSOR_DEFINITIONS = (
					"DEBUG=1",
					"$(inherited)",
				);
				GCC_WARN_64_TO_32_BIT_CONVERSION = YES;
				GCC_WARN_ABOUT_RETURN_TYPE = YES_ERROR;
				GCC_WARN_UNDECLARED_SELECTOR = YES;
				GCC_WARN_UNINITIALIZED_AUTOS = YES_AGGRESSIVE;
				GCC_WARN_UNUSED_FUNCTION = YES;
				GCC_WARN_UNUSED_VARIABLE = YES;
				IPHONEOS_DEPLOYMENT_TARGET = 11.2;
				MTL_ENABLE_DEBUG_INFO = YES;
				ONLY_ACTIVE_ARCH = YES;
				SDKROOT = iphoneos;
				SWIFT_ACTIVE_COMPILATION_CONDITIONS = DEBUG;
				SWIFT_OPTIMIZATION_LEVEL = "-Onone";
			};
			name = Debug;
		};
		F426D0472008460B00604A8A /* Release */ = {
			isa = XCBuildConfiguration;
			buildSettings = {
				ALWAYS_SEARCH_USER_PATHS = NO;
				CLANG_ANALYZER_NONNULL = YES;
				CLANG_ANALYZER_NUMBER_OBJECT_CONVERSION = YES_AGGRESSIVE;
				CLANG_CXX_LANGUAGE_STANDARD = "gnu++14";
				CLANG_CXX_LIBRARY = "libc++";
				CLANG_ENABLE_MODULES = YES;
				CLANG_ENABLE_OBJC_ARC = YES;
				CLANG_WARN_BLOCK_CAPTURE_AUTORELEASING = YES;
				CLANG_WARN_BOOL_CONVERSION = YES;
				CLANG_WARN_COMMA = YES;
				CLANG_WARN_CONSTANT_CONVERSION = YES;
				CLANG_WARN_DEPRECATED_OBJC_IMPLEMENTATIONS = YES;
				CLANG_WARN_DIRECT_OBJC_ISA_USAGE = YES_ERROR;
				CLANG_WARN_DOCUMENTATION_COMMENTS = YES;
				CLANG_WARN_EMPTY_BODY = YES;
				CLANG_WARN_ENUM_CONVERSION = YES;
				CLANG_WARN_INFINITE_RECURSION = YES;
				CLANG_WARN_INT_CONVERSION = YES;
				CLANG_WARN_NON_LITERAL_NULL_CONVERSION = YES;
				CLANG_WARN_OBJC_IMPLICIT_RETAIN_SELF = YES;
				CLANG_WARN_OBJC_LITERAL_CONVERSION = YES;
				CLANG_WARN_OBJC_ROOT_CLASS = YES_ERROR;
				CLANG_WARN_RANGE_LOOP_ANALYSIS = YES;
				CLANG_WARN_STRICT_PROTOTYPES = YES;
				CLANG_WARN_SUSPICIOUS_MOVE = YES;
				CLANG_WARN_UNGUARDED_AVAILABILITY = YES_AGGRESSIVE;
				CLANG_WARN_UNREACHABLE_CODE = YES;
				CLANG_WARN__DUPLICATE_METHOD_MATCH = YES;
				CODE_SIGN_IDENTITY = "iPhone Developer";
				COPY_PHASE_STRIP = NO;
				DEBUG_INFORMATION_FORMAT = "dwarf-with-dsym";
				ENABLE_NS_ASSERTIONS = NO;
				ENABLE_STRICT_OBJC_MSGSEND = YES;
				GCC_C_LANGUAGE_STANDARD = gnu11;
				GCC_NO_COMMON_BLOCKS = YES;
				GCC_WARN_64_TO_32_BIT_CONVERSION = YES;
				GCC_WARN_ABOUT_RETURN_TYPE = YES_ERROR;
				GCC_WARN_UNDECLARED_SELECTOR = YES;
				GCC_WARN_UNINITIALIZED_AUTOS = YES_AGGRESSIVE;
				GCC_WARN_UNUSED_FUNCTION = YES;
				GCC_WARN_UNUSED_VARIABLE = YES;
				IPHONEOS_DEPLOYMENT_TARGET = 11.2;
				MTL_ENABLE_DEBUG_INFO = NO;
				SDKROOT = iphoneos;
				SWIFT_OPTIMIZATION_LEVEL = "-Owholemodule";
				VALIDATE_PRODUCT = YES;
			};
			name = Release;
		};
		F426D0492008460B00604A8A /* Debug */ = {
			isa = XCBuildConfiguration;
			buildSettings = {
				ASSETCATALOG_COMPILER_APPICON_NAME = AppIcon;
				CODE_SIGN_STYLE = Automatic;
				DEVELOPMENT_TEAM = T2J59NQCJ3;
				INFOPLIST_FILE = Preguntitas/Info.plist;
				LD_RUNPATH_SEARCH_PATHS = "$(inherited) @executable_path/Frameworks";
				PRODUCT_BUNDLE_IDENTIFIER = mx.ibero.192309.Preguntitas;
				PRODUCT_NAME = "$(TARGET_NAME)";
				SWIFT_VERSION = 5.0;
				TARGETED_DEVICE_FAMILY = 1;
			};
			name = Debug;
		};
		F426D04A2008460B00604A8A /* Release */ = {
			isa = XCBuildConfiguration;
			buildSettings = {
				ASSETCATALOG_COMPILER_APPICON_NAME = AppIcon;
				CODE_SIGN_STYLE = Automatic;
				DEVELOPMENT_TEAM = T2J59NQCJ3;
				INFOPLIST_FILE = Preguntitas/Info.plist;
				LD_RUNPATH_SEARCH_PATHS = "$(inherited) @executable_path/Frameworks";
				PRODUCT_BUNDLE_IDENTIFIER = mx.ibero.192309.Preguntitas;
				PRODUCT_NAME = "$(TARGET_NAME)";
				SWIFT_VERSION = 5.0;
				TARGETED_DEVICE_FAMILY = 1;
			};
			name = Release;
		};
/* End XCBuildConfiguration section */

/* Begin XCConfigurationList section */
		F426D0312008460800604A8A /* Build configuration list for PBXProject "Preguntitas" */ = {
			isa = XCConfigurationList;
			buildConfigurations = (
				F426D0462008460B00604A8A /* Debug */,
				F426D0472008460B00604A8A /* Release */,
			);
			defaultConfigurationIsVisible = 0;
			defaultConfigurationName = Release;
		};
		F426D0482008460B00604A8A /* Build configuration list for PBXNativeTarget "Preguntitas" */ = {
			isa = XCConfigurationList;
			buildConfigurations = (
				F426D0492008460B00604A8A /* Debug */,
				F426D04A2008460B00604A8A /* Release */,
			);
			defaultConfigurationIsVisible = 0;
			defaultConfigurationName = Release;
		};
/* End XCConfigurationList section */
	};
	rootObject = F426D02E2008460800604A8A /* Project object */;
}
